
Microsoft Visual Studio Solution File, Format Version 12.00
# Visual Studio Version 17
VisualStudioVersion = 17.0.32014.148
MinimumVisualStudioVersion = 10.0.40219.1
Project("{FAE04EC0-301F-11D3-BF4B-00C04F79EFBC}") = "WindowsFormsApp1", "WindowsFormsApp1\WindowsFormsApp1.csproj", "{259F39FB-7EF1-4550-B565-7E586D7A206C}"
EndProject
Global
	GlobalSection(SolutionConfigurationPlatforms) = preSolution
		Debug|Any CPU = Debug|Any CPU
		Release|Any CPU = Release|Any CPU
	EndGlobalSection
	GlobalSection(ProjectConfigurationPlatforms) = postSolution
		{259F39FB-7EF1-4550-B565-7E586D7A206C}.Debug|Any CPU.ActiveCfg = Debug|Any CPU
		{259F39FB-7EF1-4550-B565-7E586D7A206C}.Debug|Any CPU.Build.0 = Debug|Any CPU
		{259F39FB-7EF1-4550-B565-7E586D7A206C}.Release|Any CPU.ActiveCfg = Release|Any CPU
		{259F39FB-7EF1-4550-B565-7E586D7A206C}.Release|Any CPU.Build.0 = Release|Any CPU
	EndGlobalSection
	GlobalSection(SolutionProperties) = preSolution
		HideSolutionNode = FALSE
	EndGlobalSection
	GlobalSection(ExtensibilityGlobals) = postSolution
		SolutionGuid = {BB894C2E-8A7D-49DC-BA76-45C4F64EFBFB}
	EndGlobalSection
EndGlobal
